// !$*UTF8*$!
{
	archiveVersion = 1;
	classes = {
	};
	objectVersion = 48;
	objects = {

/* Begin PBXBuildFile section */
		7E16F54DA5CA9230BF1C49A2 /* Pods_Journal.framework in Frameworks */ = {isa = PBXBuildFile; fileRef = A8A9206F24AC8160DEB9862F /* Pods_Journal.framework */; };
		ABD19B851FDA2EFA0062C4CC /* AppDelegate.swift in Sources */ = {isa = PBXBuildFile; fileRef = ABD19B841FDA2EFA0062C4CC /* AppDelegate.swift */; };
		ABD19B8A1FDA2EFA0062C4CC /* Main.storyboard in Resources */ = {isa = PBXBuildFile; fileRef = ABD19B881FDA2EFA0062C4CC /* Main.storyboard */; };
		ABD19B8C1FDA2EFA0062C4CC /* Assets.xcassets in Resources */ = {isa = PBXBuildFile; fileRef = ABD19B8B1FDA2EFA0062C4CC /* Assets.xcassets */; };
		ABD19B8F1FDA2EFA0062C4CC /* LaunchScreen.storyboard in Resources */ = {isa = PBXBuildFile; fileRef = ABD19B8D1FDA2EFA0062C4CC /* LaunchScreen.storyboard */; };
		ABD19B971FDA31C00062C4CC /* Journal.swift in Sources */ = {isa = PBXBuildFile; fileRef = ABD19B961FDA31C00062C4CC /* Journal.swift */; };
		ABD19B991FDA32630062C4CC /* GoogleService-Info.plist in Resources */ = {isa = PBXBuildFile; fileRef = ABD19B981FDA32630062C4CC /* GoogleService-Info.plist */; };
		ABD19B9C1FDA412E0062C4CC /* JournalTableViewCell.swift in Sources */ = {isa = PBXBuildFile; fileRef = ABD19B9B1FDA412E0062C4CC /* JournalTableViewCell.swift */; };
		ABD19B9E1FDA48100062C4CC /* ListsTableViewController.swift in Sources */ = {isa = PBXBuildFile; fileRef = ABD19B9D1FDA48100062C4CC /* ListsTableViewController.swift */; };
		ABD19BA01FDA4B200062C4CC /* AddJournalViewController.swift in Sources */ = {isa = PBXBuildFile; fileRef = ABD19B9F1FDA4B200062C4CC /* AddJournalViewController.swift */; };
/* End PBXBuildFile section */

/* Begin PBXFileReference section */
		28FC41B9E1CEFB2877F307F1 /* Pods-Journal.debug.xcconfig */ = {isa = PBXFileReference; includeInIndex = 1; lastKnownFileType = text.xcconfig; name = "Pods-Journal.debug.xcconfig"; path = "Pods/Target Support Files/Pods-Journal/Pods-Journal.debug.xcconfig"; sourceTree = "<group>"; };
		A8A9206F24AC8160DEB9862F /* Pods_Journal.framework */ = {isa = PBXFileReference; explicitFileType = wrapper.framework; includeInIndex = 0; path = Pods_Journal.framework; sourceTree = BUILT_PRODUCTS_DIR; };
		ABD19B811FDA2EFA0062C4CC /* Journal.app */ = {isa = PBXFileReference; explicitFileType = wrapper.application; includeInIndex = 0; path = Journal.app; sourceTree = BUILT_PRODUCTS_DIR; };
		ABD19B841FDA2EFA0062C4CC /* AppDelegate.swift */ = {isa = PBXFileReference; lastKnownFileType = sourcecode.swift; path = AppDelegate.swift; sourceTree = "<group>"; };
		ABD19B891FDA2EFA0062C4CC /* Base */ = {isa = PBXFileReference; lastKnownFileType = file.storyboard; name = Base; path = Base.lproj/Main.storyboard; sourceTree = "<group>"; };
		ABD19B8B1FDA2EFA0062C4CC /* Assets.xcassets */ = {isa = PBXFileReference; lastKnownFileType = folder.assetcatalog; path = Assets.xcassets; sourceTree = "<group>"; };
		ABD19B8E1FDA2EFA0062C4CC /* Base */ = {isa = PBXFileReference; lastKnownFileType = file.storyboard; name = Base; path = Base.lproj/LaunchScreen.storyboard; sourceTree = "<group>"; };
		ABD19B901FDA2EFA0062C4CC /* Info.plist */ = {isa = PBXFileReference; lastKnownFileType = text.plist.xml; path = Info.plist; sourceTree = "<group>"; };
		ABD19B961FDA31C00062C4CC /* Journal.swift */ = {isa = PBXFileReference; lastKnownFileType = sourcecode.swift; path = Journal.swift; sourceTree = "<group>"; };
		ABD19B981FDA32630062C4CC /* GoogleService-Info.plist */ = {isa = PBXFileReference; fileEncoding = 4; lastKnownFileType = text.plist.xml; path = "GoogleService-Info.plist"; sourceTree = "<group>"; };
		ABD19B9B1FDA412E0062C4CC /* JournalTableViewCell.swift */ = {isa = PBXFileReference; lastKnownFileType = sourcecode.swift; path = JournalTableViewCell.swift; sourceTree = "<group>"; };
		ABD19B9D1FDA48100062C4CC /* ListsTableViewController.swift */ = {isa = PBXFileReference; lastKnownFileType = sourcecode.swift; path = ListsTableViewController.swift; sourceTree = "<group>"; };
		ABD19B9F1FDA4B200062C4CC /* AddJournalViewController.swift */ = {isa = PBXFileReference; lastKnownFileType = sourcecode.swift; path = AddJournalViewController.swift; sourceTree = "<group>"; };
		C93373168F329CEE042A7F6C /* Pods-Journal.release.xcconfig */ = {isa = PBXFileReference; includeInIndex = 1; lastKnownFileType = text.xcconfig; name = "Pods-Journal.release.xcconfig"; path = "Pods/Target Support Files/Pods-Journal/Pods-Journal.release.xcconfig"; sourceTree = "<group>"; };
/* End PBXFileReference section */

/* Begin PBXFrameworksBuildPhase section */
		ABD19B7E1FDA2EFA0062C4CC /* Frameworks */ = {
			isa = PBXFrameworksBuildPhase;
			buildActionMask = 2147483647;
			files = (
				7E16F54DA5CA9230BF1C49A2 /* Pods_Journal.framework in Frameworks */,
			);
			runOnlyForDeploymentPostprocessing = 0;
		};
/* End PBXFrameworksBuildPhase section */

/* Begin PBXGroup section */
		20E6796AF1D0960D5EE80D8A /* Pods */ = {
			isa = PBXGroup;
			children = (
				28FC41B9E1CEFB2877F307F1 /* Pods-Journal.debug.xcconfig */,
				C93373168F329CEE042A7F6C /* Pods-Journal.release.xcconfig */,
			);
			name = Pods;
			sourceTree = "<group>";
		};
		ABD19B781FDA2EFA0062C4CC = {
			isa = PBXGroup;
			children = (
				ABD19B831FDA2EFA0062C4CC /* Journal */,
				ABD19B821FDA2EFA0062C4CC /* Products */,
				20E6796AF1D0960D5EE80D8A /* Pods */,
				B7DA324C72FC67BF0ADDF2F6 /* Frameworks */,
			);
			sourceTree = "<group>";
		};
		ABD19B821FDA2EFA0062C4CC /* Products */ = {
			isa = PBXGroup;
			children = (
				ABD19B811FDA2EFA0062C4CC /* Journal.app */,
			);
			name = Products;
			sourceTree = "<group>";
		};
		ABD19B831FDA2EFA0062C4CC /* Journal */ = {
			isa = PBXGroup;
			children = (
				ABD19B841FDA2EFA0062C4CC /* AppDelegate.swift */,
				ABD19B9D1FDA48100062C4CC /* ListsTableViewController.swift */,
				ABD19B9B1FDA412E0062C4CC /* JournalTableViewCell.swift */,
				ABD19B9F1FDA4B200062C4CC /* AddJournalViewController.swift */,
				ABD19B881FDA2EFA0062C4CC /* Main.storyboard */,
				ABD19B8B1FDA2EFA0062C4CC /* Assets.xcassets */,
				ABD19B961FDA31C00062C4CC /* Journal.swift */,
				ABD19B8D1FDA2EFA0062C4CC /* LaunchScreen.storyboard */,
				ABD19B981FDA32630062C4CC /* GoogleService-Info.plist */,
				ABD19B901FDA2EFA0062C4CC /* Info.plist */,
			);
			path = Journal;
			sourceTree = "<group>";
		};
		B7DA324C72FC67BF0ADDF2F6 /* Frameworks */ = {
			isa = PBXGroup;
			children = (
				A8A9206F24AC8160DEB9862F /* Pods_Journal.framework */,
			);
			name = Frameworks;
			sourceTree = "<group>";
		};
/* End PBXGroup section */

/* Begin PBXNativeTarget section */
		ABD19B801FDA2EFA0062C4CC /* Journal */ = {
			isa = PBXNativeTarget;
			buildConfigurationList = ABD19B931FDA2EFA0062C4CC /* Build configuration list for PBXNativeTarget "Journal" */;
			buildPhases = (
				EFF17F8387EB7B7D10CD1F6F /* [CP] Check Pods Manifest.lock */,
				ABD19B7D1FDA2EFA0062C4CC /* Sources */,
				ABD19B7E1FDA2EFA0062C4CC /* Frameworks */,
				ABD19B7F1FDA2EFA0062C4CC /* Resources */,
				F21A20226F0CAFDCE906655E /* [CP] Embed Pods Frameworks */,
				3E6A7B5788C36B57FD29ABBA /* [CP] Copy Pods Resources */,
				ABD19B9A1FDA38060062C4CC /* Swiftlint */,
			);
			buildRules = (
			);
			dependencies = (
			);
			name = Journal;
			productName = Journal;
			productReference = ABD19B811FDA2EFA0062C4CC /* Journal.app */;
			productType = "com.apple.product-type.application";
		};
/* End PBXNativeTarget section */

/* Begin PBXProject section */
		ABD19B791FDA2EFA0062C4CC /* Project object */ = {
			isa = PBXProject;
			attributes = {
				LastSwiftUpdateCheck = 0900;
				LastUpgradeCheck = 0900;
				ORGANIZATIONNAME = "黃珮鈞";
				TargetAttributes = {
					ABD19B801FDA2EFA0062C4CC = {
						CreatedOnToolsVersion = 9.0;
						ProvisioningStyle = Automatic;
					};
				};
			};
			buildConfigurationList = ABD19B7C1FDA2EFA0062C4CC /* Build configuration list for PBXProject "Journal" */;
			compatibilityVersion = "Xcode 8.0";
			developmentRegion = en;
			hasScannedForEncodings = 0;
			knownRegions = (
				en,
				Base,
			);
			mainGroup = ABD19B781FDA2EFA0062C4CC;
			productRefGroup = ABD19B821FDA2EFA0062C4CC /* Products */;
			projectDirPath = "";
			projectRoot = "";
			targets = (
				ABD19B801FDA2EFA0062C4CC /* Journal */,
			);
		};
/* End PBXProject section */

/* Begin PBXResourcesBuildPhase section */
		ABD19B7F1FDA2EFA0062C4CC /* Resources */ = {
			isa = PBXResourcesBuildPhase;
			buildActionMask = 2147483647;
			files = (
				ABD19B8F1FDA2EFA0062C4CC /* LaunchScreen.storyboard in Resources */,
				ABD19B991FDA32630062C4CC /* GoogleService-Info.plist in Resources */,
				ABD19B8C1FDA2EFA0062C4CC /* Assets.xcassets in Resources */,
				ABD19B8A1FDA2EFA0062C4CC /* Main.storyboard in Resources */,
			);
			runOnlyForDeploymentPostprocessing = 0;
		};
/* End PBXResourcesBuildPhase section */

/* Begin PBXShellScriptBuildPhase section */
		3E6A7B5788C36B57FD29ABBA /* [CP] Copy Pods Resources */ = {
			isa = PBXShellScriptBuildPhase;
			buildActionMask = 2147483647;
			files = (
			);
			inputPaths = (
			);
			name = "[CP] Copy Pods Resources";
			outputPaths = (
			);
			runOnlyForDeploymentPostprocessing = 0;
			shellPath = /bin/sh;
			shellScript = "\"${SRCROOT}/Pods/Target Support Files/Pods-Journal/Pods-Journal-resources.sh\"\n";
			showEnvVarsInLog = 0;
		};
		ABD19B9A1FDA38060062C4CC /* Swiftlint */ = {
			isa = PBXShellScriptBuildPhase;
			buildActionMask = 2147483647;
			files = (
			);
			inputPaths = (
			);
			name = Swiftlint;
			outputPaths = (
			);
			runOnlyForDeploymentPostprocessing = 0;
			shellPath = /bin/sh;
			shellScript = "";
		};
		EFF17F8387EB7B7D10CD1F6F /* [CP] Check Pods Manifest.lock */ = {
			isa = PBXShellScriptBuildPhase;
			buildActionMask = 2147483647;
			files = (
			);
			inputPaths = (
				"${PODS_PODFILE_DIR_PATH}/Podfile.lock",
				"${PODS_ROOT}/Manifest.lock",
			);
			name = "[CP] Check Pods Manifest.lock";
			outputPaths = (
				"$(DERIVED_FILE_DIR)/Pods-Journal-checkManifestLockResult.txt",
			);
			runOnlyForDeploymentPostprocessing = 0;
			shellPath = /bin/sh;
			shellScript = "diff \"${PODS_PODFILE_DIR_PATH}/Podfile.lock\" \"${PODS_ROOT}/Manifest.lock\" > /dev/null\nif [ $? != 0 ] ; then\n    # print error to STDERR\n    echo \"error: The sandbox is not in sync with the Podfile.lock. Run 'pod install' or update your CocoaPods installation.\" >&2\n    exit 1\nfi\n# This output is used by Xcode 'outputs' to avoid re-running this script phase.\necho \"SUCCESS\" > \"${SCRIPT_OUTPUT_FILE_0}\"\n";
			showEnvVarsInLog = 0;
		};
		F21A20226F0CAFDCE906655E /* [CP] Embed Pods Frameworks */ = {
			isa = PBXShellScriptBuildPhase;
			buildActionMask = 2147483647;
			files = (
			);
			inputPaths = (
				"${SRCROOT}/Pods/Target Support Files/Pods-Journal/Pods-Journal-frameworks.sh",
				"${BUILT_PRODUCTS_DIR}/GoogleToolboxForMac/GoogleToolboxForMac.framework",
				"${BUILT_PRODUCTS_DIR}/leveldb-library/leveldb.framework",
				"${BUILT_PRODUCTS_DIR}/nanopb/nanopb.framework",
			);
			name = "[CP] Embed Pods Frameworks";
			outputPaths = (
				"${TARGET_BUILD_DIR}/${FRAMEWORKS_FOLDER_PATH}/GoogleToolboxForMac.framework",
				"${TARGET_BUILD_DIR}/${FRAMEWORKS_FOLDER_PATH}/leveldb.framework",
				"${TARGET_BUILD_DIR}/${FRAMEWORKS_FOLDER_PATH}/nanopb.framework",
			);
			runOnlyForDeploymentPostprocessing = 0;
			shellPath = /bin/sh;
			shellScript = "\"${SRCROOT}/Pods/Target Support Files/Pods-Journal/Pods-Journal-frameworks.sh\"\n";
			showEnvVarsInLog = 0;
		};
/* End PBXShellScriptBuildPhase section */

/* Begin PBXSourcesBuildPhase section */
		ABD19B7D1FDA2EFA0062C4CC /* Sources */ = {
			isa = PBXSourcesBuildPhase;
			buildActionMask = 2147483647;
			files = (
				ABD19B9E1FDA48100062C4CC /* ListsTableViewController.swift in Sources */,
				ABD19B851FDA2EFA0062C4CC /* AppDelegate.swift in Sources */,
				ABD19B971FDA31C00062C4CC /* Journal.swift in Sources */,
				ABD19B9C1FDA412E0062C4CC /* JournalTableViewCell.swift in Sources */,
				ABD19BA01FDA4B200062C4CC /* AddJournalViewController.swift in Sources */,
			);
			runOnlyForDeploymentPostprocessing = 0;
		};
/* End PBXSourcesBuildPhase section */

/* Begin PBXVariantGroup section */
		ABD19B881FDA2EFA0062C4CC /* Main.storyboard */ = {
			isa = PBXVariantGroup;
			children = (
				ABD19B891FDA2EFA0062C4CC /* Base */,
			);
			name = Main.storyboard;
			sourceTree = "<group>";
		};
		ABD19B8D1FDA2EFA0062C4CC /* LaunchScreen.storyboard */ = {
			isa = PBXVariantGroup;
			children = (
				ABD19B8E1FDA2EFA0062C4CC /* Base */,
			);
			name = LaunchScreen.storyboard;
			sourceTree = "<group>";
		};
/* End PBXVariantGroup section */

/* Begin XCBuildConfiguration section */
		ABD19B911FDA2EFA0062C4CC /* Debug */ = {
			isa = XCBuildConfiguration;
			buildSettings = {
				ALWAYS_SEARCH_USER_PATHS = NO;
				CLANG_ANALYZER_NONNULL = YES;
				CLANG_ANALYZER_NUMBER_OBJECT_CONVERSION = YES_AGGRESSIVE;
				CLANG_CXX_LANGUAGE_STANDARD = "gnu++14";
				CLANG_CXX_LIBRARY = "libc++";
				CLANG_ENABLE_MODULES = YES;
				CLANG_ENABLE_OBJC_ARC = YES;
				CLANG_WARN_BLOCK_CAPTURE_AUTORELEASING = YES;
				CLANG_WARN_BOOL_CONVERSION = YES;
				CLANG_WARN_COMMA = YES;
				CLANG_WARN_CONSTANT_CONVERSION = YES;
				CLANG_WARN_DIRECT_OBJC_ISA_USAGE = YES_ERROR;
				CLANG_WARN_DOCUMENTATION_COMMENTS = YES;
				CLANG_WARN_EMPTY_BODY = YES;
				CLANG_WARN_ENUM_CONVERSION = YES;
				CLANG_WARN_INFINITE_RECURSION = YES;
				CLANG_WARN_INT_CONVERSION = YES;
				CLANG_WARN_NON_LITERAL_NULL_CONVERSION = YES;
				CLANG_WARN_OBJC_LITERAL_CONVERSION = YES;
				CLANG_WARN_OBJC_ROOT_CLASS = YES_ERROR;
				CLANG_WARN_RANGE_LOOP_ANALYSIS = YES;
				CLANG_WARN_STRICT_PROTOTYPES = YES;
				CLANG_WARN_SUSPICIOUS_MOVE = YES;
				CLANG_WARN_UNGUARDED_AVAILABILITY = YES_AGGRESSIVE;
				CLANG_WARN_UNREACHABLE_CODE = YES;
				CLANG_WARN__DUPLICATE_METHOD_MATCH = YES;
				CODE_SIGN_IDENTITY = "iPhone Developer";
				COPY_PHASE_STRIP = NO;
				DEBUG_INFORMATION_FORMAT = dwarf;
				ENABLE_STRICT_OBJC_MSGSEND = YES;
				ENABLE_TESTABILITY = YES;
				GCC_C_LANGUAGE_STANDARD = gnu11;
				GCC_DYNAMIC_NO_PIC = NO;
				GCC_NO_COMMON_BLOCKS = YES;
				GCC_OPTIMIZATION_LEVEL = 0;
				GCC_PREPROCESSOR_DEFINITIONS = (
					"DEBUG=1",
					"$(inherited)",
				);
				GCC_WARN_64_TO_32_BIT_CONVERSION = YES;
				GCC_WARN_ABOUT_RETURN_TYPE = YES_ERROR;
				GCC_WARN_UNDECLARED_SELECTOR = YES;
				GCC_WARN_UNINITIALIZED_AUTOS = YES_AGGRESSIVE;
				GCC_WARN_UNUSED_FUNCTION = YES;
				GCC_WARN_UNUSED_VARIABLE = YES;
				IPHONEOS_DEPLOYMENT_TARGET = 11.0;
				MTL_ENABLE_DEBUG_INFO = YES;
				ONLY_ACTIVE_ARCH = YES;
				SDKROOT = iphoneos;
				SWIFT_ACTIVE_COMPILATION_CONDITIONS = DEBUG;
				SWIFT_OPTIMIZATION_LEVEL = "-Onone";
			};
			name = Debug;
		};
		ABD19B921FDA2EFA0062C4CC /* Release */ = {
			isa = XCBuildConfiguration;
			buildSettings = {
				ALWAYS_SEARCH_USER_PATHS = NO;
				CLANG_ANALYZER_NONNULL = YES;
				CLANG_ANALYZER_NUMBER_OBJECT_CONVERSION = YES_AGGRESSIVE;
				CLANG_CXX_LANGUAGE_STANDARD = "gnu++14";
				CLANG_CXX_LIBRARY = "libc++";
				CLANG_ENABLE_MODULES = YES;
				CLANG_ENABLE_OBJC_ARC = YES;
				CLANG_WARN_BLOCK_CAPTURE_AUTORELEASING = YES;
				CLANG_WARN_BOOL_CONVERSION = YES;
				CLANG_WARN_COMMA = YES;
				CLANG_WARN_CONSTANT_CONVERSION = YES;
				CLANG_WARN_DIRECT_OBJC_ISA_USAGE = YES_ERROR;
				CLANG_WARN_DOCUMENTATION_COMMENTS = YES;
				CLANG_WARN_EMPTY_BODY = YES;
				CLANG_WARN_ENUM_CONVERSION = YES;
				CLANG_WARN_INFINITE_RECURSION = YES;
				CLANG_WARN_INT_CONVERSION = YES;
				CLANG_WARN_NON_LITERAL_NULL_CONVERSION = YES;
				CLANG_WARN_OBJC_LITERAL_CONVERSION = YES;
				CLANG_WARN_OBJC_ROOT_CLASS = YES_ERROR;
				CLANG_WARN_RANGE_LOOP_ANALYSIS = YES;
				CLANG_WARN_STRICT_PROTOTYPES = YES;
				CLANG_WARN_SUSPICIOUS_MOVE = YES;
				CLANG_WARN_UNGUARDED_AVAILABILITY = YES_AGGRESSIVE;
				CLANG_WARN_UNREACHABLE_CODE = YES;
				CLANG_WARN__DUPLICATE_METHOD_MATCH = YES;
				CODE_SIGN_IDENTITY = "iPhone Developer";
				COPY_PHASE_STRIP = NO;
				DEBUG_INFORMATION_FORMAT = "dwarf-with-dsym";
				ENABLE_NS_ASSERTIONS = NO;
				ENABLE_STRICT_OBJC_MSGSEND = YES;
				GCC_C_LANGUAGE_STANDARD = gnu11;
				GCC_NO_COMMON_BLOCKS = YES;
				GCC_WARN_64_TO_32_BIT_CONVERSION = YES;
				GCC_WARN_ABOUT_RETURN_TYPE = YES_ERROR;
				GCC_WARN_UNDECLARED_SELECTOR = YES;
				GCC_WARN_UNINITIALIZED_AUTOS = YES_AGGRESSIVE;
				GCC_WARN_UNUSED_FUNCTION = YES;
				GCC_WARN_UNUSED_VARIABLE = YES;
				IPHONEOS_DEPLOYMENT_TARGET = 11.0;
				MTL_ENABLE_DEBUG_INFO = NO;
				SDKROOT = iphoneos;
				SWIFT_OPTIMIZATION_LEVEL = "-Owholemodule";
				VALIDATE_PRODUCT = YES;
			};
			name = Release;
		};
		ABD19B941FDA2EFA0062C4CC /* Debug */ = {
			isa = XCBuildConfiguration;
			baseConfigurationReference = 28FC41B9E1CEFB2877F307F1 /* Pods-Journal.debug.xcconfig */;
			buildSettings = {
				ASSETCATALOG_COMPILER_APPICON_NAME = AppIcon;
				CODE_SIGN_STYLE = Automatic;
				DEVELOPMENT_TEAM = 927RF5FP2C;
				INFOPLIST_FILE = Journal/Info.plist;
				LD_RUNPATH_SEARCH_PATHS = "$(inherited) @executable_path/Frameworks";
				PRODUCT_BUNDLE_IDENTIFIER = AppWorks.Journal;
				PRODUCT_NAME = "$(TARGET_NAME)";
				SWIFT_VERSION = 4.0;
				TARGETED_DEVICE_FAMILY = "1,2";
			};
			name = Debug;
		};
		ABD19B951FDA2EFA0062C4CC /* Release */ = {
			isa = XCBuildConfiguration;
			baseConfigurationReference = C93373168F329CEE042A7F6C /* Pods-Journal.release.xcconfig */;
			buildSettings = {
				ASSETCATALOG_COMPILER_APPICON_NAME = AppIcon;
				CODE_SIGN_STYLE = Automatic;
				DEVELOPMENT_TEAM = 927RF5FP2C;
				INFOPLIST_FILE = Journal/Info.plist;
				LD_RUNPATH_SEARCH_PATHS = "$(inherited) @executable_path/Frameworks";
				PRODUCT_BUNDLE_IDENTIFIER = AppWorks.Journal;
				PRODUCT_NAME = "$(TARGET_NAME)";
				SWIFT_VERSION = 4.0;
				TARGETED_DEVICE_FAMILY = "1,2";
			};
			name = Release;
		};
/* End XCBuildConfiguration section */

/* Begin XCConfigurationList section */
		ABD19B7C1FDA2EFA0062C4CC /* Build configuration list for PBXProject "Journal" */ = {
			isa = XCConfigurationList;
			buildConfigurations = (
				ABD19B911FDA2EFA0062C4CC /* Debug */,
				ABD19B921FDA2EFA0062C4CC /* Release */,
			);
			defaultConfigurationIsVisible = 0;
			defaultConfigurationName = Release;
		};
		ABD19B931FDA2EFA0062C4CC /* Build configuration list for PBXNativeTarget "Journal" */ = {
			isa = XCConfigurationList;
			buildConfigurations = (
				ABD19B941FDA2EFA0062C4CC /* Debug */,
				ABD19B951FDA2EFA0062C4CC /* Release */,
			);
			defaultConfigurationIsVisible = 0;
			defaultConfigurationName = Release;
		};
/* End XCConfigurationList section */
	};
	rootObject = ABD19B791FDA2EFA0062C4CC /* Project object */;
}
